lockfileVersion: '6.0'

settings:
  autoInstallPeers: true
  excludeLinksFromLockfile: false

dependencies:
  commander:
    specifier: ^2.19.0
    version: 2.20.3
  file-type:
    specifier: ^10.7.0
    version: 10.11.0
  image-size:
    specifier: ^0.6.3
    version: 0.6.3

packages:

  /commander@2.20.3:
    resolution: {integrity: sha512-GpVkmM8vF2vQUkj2LvZmD35JxeJOLCwJ9cUkugyk2nuhbv3+mJvpLYYt+0+USMxE+oj+ey/lJEnhZw75x/OMcQ==}
    dev: false

  /file-type@10.11.0:
    resolution: {integrity: sha512-uzk64HRpUZyTGZtVuvrjP0FYxzQrBf4rojot6J65YMEbwBLB0CWm0CLojVpwpmFmxcE/lkvYICgfcGozbBq6rw==}
    engines: {node: '>=6'}
    dev: false

  /image-size@0.6.3:
    resolution: {integrity: sha512-47xSUiQioGaB96nqtp5/q55m0aBQSQdyIloMOc/x+QVTDZLNmXE892IIDrJ0hM1A5vcNUDD5tDffkSP5lCaIIA==}
    engines: {node: '>=4.0'}
    hasBin: true
    dev: false
